<?xml version="1.0" encoding="utf-8"?>
<Project ToolsVersion="4.0" xmlns="http://schemas.microsoft.com/developer/msbuild/2003">
  <ItemGroup>
    <Filter Include="Source Files">
      <UniqueIdentifier>{4FC737F1-C7A5-4376-A066-2A32D752A2FF}</UniqueIdentifier>
      <Extensions>cpp;c;cc;cxx;def;odl;idl;hpj;bat;asm;asmx</Extensions>
    </Filter>
    <Filter Include="Header Files">
      <UniqueIdentifier>{93995380-89BD-4b04-88EB-625FBE52EBFB}</UniqueIdentifier>
      <Extensions>h;hh;hpp;hxx;hm;inl;inc;ipp;xsd</Extensions>
    </Filter>
    <Filter Include="Resource Files">
      <UniqueIdentifier>{67DA6AB6-F800-4c08-8B7A-83BB121AAD01}</UniqueIdentifier>
      <Extensions>rc;ico;cur;bmp;dlg;rc2;rct;bin;rgs;gif;jpg;jpeg;jpe;resx;tiff;tif;png;wav;mfcribbon-ms</Extensions>
    </Filter>
  </ItemGroup>
  <ItemGroup>
    <ClCompile Include="Source.cpp">
      <Filter>Source Files</Filter>
    </ClCompile>
    <ClCompile Include="OrderCalculatorFactory.cpp">
      <Filter>Source Files</Filter>
    </ClCompile>
    <ClCompile Include="ItemGroupMergerFactory.cpp">
      <Filter>Source Files</Filter>
    </ClCompile>
    <ClCompile Include="OrderTableItemMutatorFactory.cpp">
      <Filter>Source Files</Filter>
    </ClCompile>
    <ClCompile Include="ItemPercentageDiscountCalculator.cpp">
      <Filter>Source Files</Filter>
    </ClCompile>
    <ClCompile Include="GroupDiscountApplierFactory.cpp">
      <Filter>Source Files</Filter>
    </ClCompile>
    <ClCompile Include="ItemDataProvider.cpp">
      <Filter>Source Files</Filter>
    </ClCompile>
  </ItemGroup>
  <ItemGroup>
    <ClInclude Include="Types.h">
      <Filter>Header Files</Filter>
    </ClInclude>
    <ClInclude Include="ItemId.h">
      <Filter>Header Files</Filter>
    </ClInclude>
    <ClInclude Include="ItemPriceProvider.h">
      <Filter>Header Files</Filter>
    </ClInclude>
    <ClInclude Include="OrderCalculator.h">
      <Filter>Header Files</Filter>
    </ClInclude>
    <ClInclude Include="OrderCalculatorFactory.h">
      <Filter>Header Files</Filter>
    </ClInclude>
    <ClInclude Include="ItemGroupMerger.h">
      <Filter>Header Files</Filter>
    </ClInclude>
    <ClInclude Include="ItemGroupMergerFactory.h">
      <Filter>Header Files</Filter>
    </ClInclude>
    <ClInclude Include="OrderTableItemMutator.h">
      <Filter>Header Files</Filter>
    </ClInclude>
    <ClInclude Include="OrderTableItemMutatorFactory.h">
      <Filter>Header Files</Filter>
    </ClInclude>
    <ClInclude Include="ItemDiscountCalculator.h">
      <Filter>Header Files</Filter>
    </ClInclude>
    <ClInclude Include="ItemPercentageDiscountCalculator.h">
      <Filter>Header Files</Filter>
    </ClInclude>
    <ClInclude Include="GroupDiscountApplier.h">
      <Filter>Header Files</Filter>
    </ClInclude>
    <ClInclude Include="GroupDiscountApplierFactory.h">
      <Filter>Header Files</Filter>
    </ClInclude>
    <ClInclude Include="ItemDataProvider.h">
      <Filter>Header Files</Filter>
    </ClInclude>
  </ItemGroup>
</Project>